
Microsoft Visual Studio Solution File, Format Version 12.00
# Visual Studio Version 17
VisualStudioVersion = 17.0.31912.275
MinimumVisualStudioVersion = 10.0.40219.1
Project("{9A19103F-16F7-4668-BE54-9A1E7A4F7556}") = "ResearchMicroservices", "ResearchMicroservices\ResearchMicroservices.csproj", "{E67E9943-DF84-472C-BBFC-3CD0F2EA4771}"
EndProject
Project("{2150E333-8FDC-42A3-9474-1A3956D46DE8}") = "Microservices", "Microservices", "{21110462-A78F-426E-8F75-1B4FA73C4E3F}"
EndProject
Project("{2150E333-8FDC-42A3-9474-1A3956D46DE8}") = "Common", "Common", "{05D3CB0E-242A-472D-9DA7-0B103EF2DE3F}"
EndProject
Project("{2150E333-8FDC-42A3-9474-1A3956D46DE8}") = "Clients", "Clients", "{B18F2EC1-C5E2-4F4B-8373-1AD43CC05DDA}"
EndProject
Project("{9A19103F-16F7-4668-BE54-9A1E7A4F7556}") = "BaseClient", "BaseClient\BaseClient.csproj", "{972406F6-B929-4128-8502-BDED8BF8685D}"
EndProject
Project("{9A19103F-16F7-4668-BE54-9A1E7A4F7556}") = "SO.API", "SO.API\SO.API.csproj", "{F125D408-987E-465C-9A03-46BBCE7F0A07}"
EndProject
Project("{9A19103F-16F7-4668-BE54-9A1E7A4F7556}") = "SO.BusinessLayer", "SO.BusinessLayer\SO.BusinessLayer.csproj", "{18B12788-14F7-4A26-80A8-56FC6B536E0B}"
EndProject
Project("{9A19103F-16F7-4668-BE54-9A1E7A4F7556}") = "SO.DataLayer", "SO.DataLayer\SO.DataLayer.csproj", "{4B3467EE-552A-4F66-8533-F3F41DFB639E}"
EndProject
Project("{2150E333-8FDC-42A3-9474-1A3956D46DE8}") = "Identity", "Identity", "{52D26721-BCB6-4158-B025-D15CC28B0725}"
EndProject
Project("{9A19103F-16F7-4668-BE54-9A1E7A4F7556}") = "SO.API.Identity", "SO.API.Identity\SO.API.Identity.csproj", "{7E3AB7AA-3049-4E69-ACB9-15CBB620C181}"
EndProject
Project("{9A19103F-16F7-4668-BE54-9A1E7A4F7556}") = "SO.BusinessLayer.Identity", "SO.BusinessLayer.Identity\SO.BusinessLayer.Identity.csproj", "{8F3DB060-2D93-475C-80ED-09DE8DF8729C}"
EndProject
Project("{9A19103F-16F7-4668-BE54-9A1E7A4F7556}") = "SO.DataLayer.Identity", "SO.DataLayer.Identity\SO.DataLayer.Identity.csproj", "{9B1B2113-46D0-4AF0-A46C-92E96FDFAC3C}"
EndProject
Project("{00D1A9C2-B5F0-4AF3-8072-F6C62B433612}") = "SO.SQL.Identity", "SO.SQL.Identity\SO.SQL.Identity.sqlproj", "{15B35856-0A4B-460F-97D0-97FCB3BE9E18}"
EndProject
Project("{2150E333-8FDC-42A3-9474-1A3956D46DE8}") = "Documentation", "Documentation", "{766B4AFF-86EA-418A-821B-D82631F605E6}"
	ProjectSection(SolutionItems) = preProject
		Database-Related.txt = Database-Related.txt
	EndProjectSection
EndProject
Project("{2150E333-8FDC-42A3-9474-1A3956D46DE8}") = "Institution", "Institution", "{F079728C-6B4D-46E0-AA5D-FD2D22F870B4}"
EndProject
Project("{9A19103F-16F7-4668-BE54-9A1E7A4F7556}") = "SO.API.Institution", "SO.API.Institution\SO.API.Institution.csproj", "{FC61506B-0D3E-40E3-82BB-E5AC1D5BBE49}"
EndProject
Project("{9A19103F-16F7-4668-BE54-9A1E7A4F7556}") = "SO.BusinessLayer.Institution", "SO.BusinessLayer.Institution\SO.BusinessLayer.Institution.csproj", "{BF91260F-8983-4C1B-AEF5-EC7166AFE09A}"
EndProject
Project("{9A19103F-16F7-4668-BE54-9A1E7A4F7556}") = "SO.DataLayer.Institution", "SO.DataLayer.Institution\SO.DataLayer.Institution.csproj", "{3006A2CC-DCFF-45A7-8BBE-AE83533BD2E6}"
EndProject
Project("{00D1A9C2-B5F0-4AF3-8072-F6C62B433612}") = "SO.SQL.Institution", "SO.SQL.Institution\SO.SQL.Institution.sqlproj", "{27A62FA0-3546-497D-BDCE-C2195F70CECE}"
EndProject
Global
	GlobalSection(SolutionConfigurationPlatforms) = preSolution
		Debug|Any CPU = Debug|Any CPU
		Release|Any CPU = Release|Any CPU
	EndGlobalSection
	GlobalSection(ProjectConfigurationPlatforms) = postSolution
		{E67E9943-DF84-472C-BBFC-3CD0F2EA4771}.Debug|Any CPU.ActiveCfg = Debug|Any CPU
		{E67E9943-DF84-472C-BBFC-3CD0F2EA4771}.Debug|Any CPU.Build.0 = Debug|Any CPU
		{E67E9943-DF84-472C-BBFC-3CD0F2EA4771}.Release|Any CPU.ActiveCfg = Release|Any CPU
		{E67E9943-DF84-472C-BBFC-3CD0F2EA4771}.Release|Any CPU.Build.0 = Release|Any CPU
		{972406F6-B929-4128-8502-BDED8BF8685D}.Debug|Any CPU.ActiveCfg = Debug|Any CPU
		{972406F6-B929-4128-8502-BDED8BF8685D}.Debug|Any CPU.Build.0 = Debug|Any CPU
		{972406F6-B929-4128-8502-BDED8BF8685D}.Release|Any CPU.ActiveCfg = Release|Any CPU
		{972406F6-B929-4128-8502-BDED8BF8685D}.Release|Any CPU.Build.0 = Release|Any CPU
		{F125D408-987E-465C-9A03-46BBCE7F0A07}.Debug|Any CPU.ActiveCfg = Debug|Any CPU
		{F125D408-987E-465C-9A03-46BBCE7F0A07}.Debug|Any CPU.Build.0 = Debug|Any CPU
		{F125D408-987E-465C-9A03-46BBCE7F0A07}.Release|Any CPU.ActiveCfg = Release|Any CPU
		{F125D408-987E-465C-9A03-46BBCE7F0A07}.Release|Any CPU.Build.0 = Release|Any CPU
		{18B12788-14F7-4A26-80A8-56FC6B536E0B}.Debug|Any CPU.ActiveCfg = Debug|Any CPU
		{18B12788-14F7-4A26-80A8-56FC6B536E0B}.Debug|Any CPU.Build.0 = Debug|Any CPU
		{18B12788-14F7-4A26-80A8-56FC6B536E0B}.Release|Any CPU.ActiveCfg = Release|Any CPU
		{18B12788-14F7-4A26-80A8-56FC6B536E0B}.Release|Any CPU.Build.0 = Release|Any CPU
		{4B3467EE-552A-4F66-8533-F3F41DFB639E}.Debug|Any CPU.ActiveCfg = Debug|Any CPU
		{4B3467EE-552A-4F66-8533-F3F41DFB639E}.Debug|Any CPU.Build.0 = Debug|Any CPU
		{4B3467EE-552A-4F66-8533-F3F41DFB639E}.Release|Any CPU.ActiveCfg = Release|Any CPU
		{4B3467EE-552A-4F66-8533-F3F41DFB639E}.Release|Any CPU.Build.0 = Release|Any CPU
		{7E3AB7AA-3049-4E69-ACB9-15CBB620C181}.Debug|Any CPU.ActiveCfg = Debug|Any CPU
		{7E3AB7AA-3049-4E69-ACB9-15CBB620C181}.Debug|Any CPU.Build.0 = Debug|Any CPU
		{7E3AB7AA-3049-4E69-ACB9-15CBB620C181}.Release|Any CPU.ActiveCfg = Release|Any CPU
		{7E3AB7AA-3049-4E69-ACB9-15CBB620C181}.Release|Any CPU.Build.0 = Release|Any CPU
		{8F3DB060-2D93-475C-80ED-09DE8DF8729C}.Debug|Any CPU.ActiveCfg = Debug|Any CPU
		{8F3DB060-2D93-475C-80ED-09DE8DF8729C}.Debug|Any CPU.Build.0 = Debug|Any CPU
		{8F3DB060-2D93-475C-80ED-09DE8DF8729C}.Release|Any CPU.ActiveCfg = Release|Any CPU
		{8F3DB060-2D93-475C-80ED-09DE8DF8729C}.Release|Any CPU.Build.0 = Release|Any CPU
		{9B1B2113-46D0-4AF0-A46C-92E96FDFAC3C}.Debug|Any CPU.ActiveCfg = Debug|Any CPU
		{9B1B2113-46D0-4AF0-A46C-92E96FDFAC3C}.Debug|Any CPU.Build.0 = Debug|Any CPU
		{9B1B2113-46D0-4AF0-A46C-92E96FDFAC3C}.Release|Any CPU.ActiveCfg = Release|Any CPU
		{9B1B2113-46D0-4AF0-A46C-92E96FDFAC3C}.Release|Any CPU.Build.0 = Release|Any CPU
		{15B35856-0A4B-460F-97D0-97FCB3BE9E18}.Debug|Any CPU.ActiveCfg = Debug|Any CPU
		{15B35856-0A4B-460F-97D0-97FCB3BE9E18}.Debug|Any CPU.Build.0 = Debug|Any CPU
		{15B35856-0A4B-460F-97D0-97FCB3BE9E18}.Debug|Any CPU.Deploy.0 = Debug|Any CPU
		{15B35856-0A4B-460F-97D0-97FCB3BE9E18}.Release|Any CPU.ActiveCfg = Release|Any CPU
		{15B35856-0A4B-460F-97D0-97FCB3BE9E18}.Release|Any CPU.Build.0 = Release|Any CPU
		{15B35856-0A4B-460F-97D0-97FCB3BE9E18}.Release|Any CPU.Deploy.0 = Release|Any CPU
		{FC61506B-0D3E-40E3-82BB-E5AC1D5BBE49}.Debug|Any CPU.ActiveCfg = Debug|Any CPU
		{FC61506B-0D3E-40E3-82BB-E5AC1D5BBE49}.Debug|Any CPU.Build.0 = Debug|Any CPU
		{FC61506B-0D3E-40E3-82BB-E5AC1D5BBE49}.Release|Any CPU.ActiveCfg = Release|Any CPU
		{FC61506B-0D3E-40E3-82BB-E5AC1D5BBE49}.Release|Any CPU.Build.0 = Release|Any CPU
		{BF91260F-8983-4C1B-AEF5-EC7166AFE09A}.Debug|Any CPU.ActiveCfg = Debug|Any CPU
		{BF91260F-8983-4C1B-AEF5-EC7166AFE09A}.Debug|Any CPU.Build.0 = Debug|Any CPU
		{BF91260F-8983-4C1B-AEF5-EC7166AFE09A}.Release|Any CPU.ActiveCfg = Release|Any CPU
		{BF91260F-8983-4C1B-AEF5-EC7166AFE09A}.Release|Any CPU.Build.0 = Release|Any CPU
		{3006A2CC-DCFF-45A7-8BBE-AE83533BD2E6}.Debug|Any CPU.ActiveCfg = Debug|Any CPU
		{3006A2CC-DCFF-45A7-8BBE-AE83533BD2E6}.Debug|Any CPU.Build.0 = Debug|Any CPU
		{3006A2CC-DCFF-45A7-8BBE-AE83533BD2E6}.Release|Any CPU.ActiveCfg = Release|Any CPU
		{3006A2CC-DCFF-45A7-8BBE-AE83533BD2E6}.Release|Any CPU.Build.0 = Release|Any CPU
		{27A62FA0-3546-497D-BDCE-C2195F70CECE}.Debug|Any CPU.ActiveCfg = Debug|Any CPU
		{27A62FA0-3546-497D-BDCE-C2195F70CECE}.Debug|Any CPU.Build.0 = Debug|Any CPU
		{27A62FA0-3546-497D-BDCE-C2195F70CECE}.Debug|Any CPU.Deploy.0 = Debug|Any CPU
		{27A62FA0-3546-497D-BDCE-C2195F70CECE}.Release|Any CPU.ActiveCfg = Release|Any CPU
		{27A62FA0-3546-497D-BDCE-C2195F70CECE}.Release|Any CPU.Build.0 = Release|Any CPU
		{27A62FA0-3546-497D-BDCE-C2195F70CECE}.Release|Any CPU.Deploy.0 = Release|Any CPU
	EndGlobalSection
	GlobalSection(SolutionProperties) = preSolution
		HideSolutionNode = FALSE
	EndGlobalSection
	GlobalSection(NestedProjects) = preSolution
		{05D3CB0E-242A-472D-9DA7-0B103EF2DE3F} = {21110462-A78F-426E-8F75-1B4FA73C4E3F}
		{B18F2EC1-C5E2-4F4B-8373-1AD43CC05DDA} = {05D3CB0E-242A-472D-9DA7-0B103EF2DE3F}
		{972406F6-B929-4128-8502-BDED8BF8685D} = {B18F2EC1-C5E2-4F4B-8373-1AD43CC05DDA}
		{F125D408-987E-465C-9A03-46BBCE7F0A07} = {05D3CB0E-242A-472D-9DA7-0B103EF2DE3F}
		{18B12788-14F7-4A26-80A8-56FC6B536E0B} = {05D3CB0E-242A-472D-9DA7-0B103EF2DE3F}
		{4B3467EE-552A-4F66-8533-F3F41DFB639E} = {05D3CB0E-242A-472D-9DA7-0B103EF2DE3F}
		{52D26721-BCB6-4158-B025-D15CC28B0725} = {21110462-A78F-426E-8F75-1B4FA73C4E3F}
		{7E3AB7AA-3049-4E69-ACB9-15CBB620C181} = {52D26721-BCB6-4158-B025-D15CC28B0725}
		{8F3DB060-2D93-475C-80ED-09DE8DF8729C} = {52D26721-BCB6-4158-B025-D15CC28B0725}
		{9B1B2113-46D0-4AF0-A46C-92E96FDFAC3C} = {52D26721-BCB6-4158-B025-D15CC28B0725}
		{15B35856-0A4B-460F-97D0-97FCB3BE9E18} = {52D26721-BCB6-4158-B025-D15CC28B0725}
		{F079728C-6B4D-46E0-AA5D-FD2D22F870B4} = {21110462-A78F-426E-8F75-1B4FA73C4E3F}
		{FC61506B-0D3E-40E3-82BB-E5AC1D5BBE49} = {F079728C-6B4D-46E0-AA5D-FD2D22F870B4}
		{BF91260F-8983-4C1B-AEF5-EC7166AFE09A} = {F079728C-6B4D-46E0-AA5D-FD2D22F870B4}
		{3006A2CC-DCFF-45A7-8BBE-AE83533BD2E6} = {F079728C-6B4D-46E0-AA5D-FD2D22F870B4}
		{27A62FA0-3546-497D-BDCE-C2195F70CECE} = {F079728C-6B4D-46E0-AA5D-FD2D22F870B4}
	EndGlobalSection
	GlobalSection(ExtensibilityGlobals) = postSolution
		SolutionGuid = {DF196EE5-6E26-4397-92D7-63E5325903C9}
	EndGlobalSection
EndGlobal
